
Microsoft Visual Studio Solution File, Format Version 12.00
# Visual Studio Version 17
VisualStudioVersion = 17.10.35027.167
MinimumVisualStudioVersion = 10.0.40219.1
Project("{9A19103F-16F7-4668-BE54-9A1E7A4F7556}") = "cli", "cli.csproj", "{223CC7F1-1AD1-4404-A1E5-43C0C6E8A309}"
EndProject
Global
	GlobalSection(SolutionConfigurationPlatforms) = preSolution
		Debug|Any CPU = Debug|Any CPU
		Release|Any CPU = Release|Any CPU
	EndGlobalSection
	GlobalSection(ProjectConfigurationPlatforms) = postSolution
		{223CC7F1-1AD1-4404-A1E5-43C0C6E8A309}.Debug|Any CPU.ActiveCfg = Debug|Any CPU
		{223CC7F1-1AD1-4404-A1E5-43C0C6E8A309}.Debug|Any CPU.Build.0 = Debug|Any CPU
		{223CC7F1-1AD1-4404-A1E5-43C0C6E8A309}.Release|Any CPU.ActiveCfg = Release|Any CPU
		{223CC7F1-1AD1-4404-A1E5-43C0C6E8A309}.Release|Any CPU.Build.0 = Release|Any CPU
	EndGlobalSection
	GlobalSection(SolutionProperties) = preSolution
		HideSolutionNode = FALSE
	EndGlobalSection
	GlobalSection(ExtensibilityGlobals) = postSolution
		SolutionGuid = {B429E1E1-C536-47A7-9119-8C0C8DDE3EEC}
	EndGlobalSection
EndGlobal
